
Microsoft Visual Studio Solution File, Format Version 12.00
# Visual Studio Version 17
VisualStudioVersion = 17.3.32929.385
MinimumVisualStudioVersion = 10.0.40219.1
Project("{FAE04EC0-301F-11D3-BF4B-00C04F79EFBC}") = "YnuClassificationPrediction", "YnuClassificationPrediction.csproj", "{64034474-66D8-4564-9F93-E14029EC312F}"
EndProject
Global
	GlobalSection(SolutionConfigurationPlatforms) = preSolution
		Debug|Any CPU = Debug|Any CPU
		Release|Any CPU = Release|Any CPU
	EndGlobalSection
	GlobalSection(ProjectConfigurationPlatforms) = postSolution
		{64034474-66D8-4564-9F93-E14029EC312F}.Debug|Any CPU.ActiveCfg = Debug|Any CPU
		{64034474-66D8-4564-9F93-E14029EC312F}.Debug|Any CPU.Build.0 = Debug|Any CPU
		{64034474-66D8-4564-9F93-E14029EC312F}.Release|Any CPU.ActiveCfg = Release|Any CPU
		{64034474-66D8-4564-9F93-E14029EC312F}.Release|Any CPU.Build.0 = Release|Any CPU
	EndGlobalSection
	GlobalSection(SolutionProperties) = preSolution
		HideSolutionNode = FALSE
	EndGlobalSection
	GlobalSection(ExtensibilityGlobals) = postSolution
		SolutionGuid = {6471919E-377E-4EB7-AAAD-3018EA55129A}
	EndGlobalSection
EndGlobal
